
Microsoft Visual Studio Solution File, Format Version 12.00
# Visual Studio Version 17
VisualStudioVersion = 17.3.32804.467
MinimumVisualStudioVersion = 10.0.40219.1
Project("{FAE04EC0-301F-11D3-BF4B-00C04F79EFBC}") = "RelayEHtoStorage", "RelayEHtoStorage.csproj", "{60A1C8E7-6A36-44AB-BDFC-F2338C1C029E}"
EndProject
Global
	GlobalSection(SolutionConfigurationPlatforms) = preSolution
		Debug|Any CPU = Debug|Any CPU
		Release|Any CPU = Release|Any CPU
	EndGlobalSection
	GlobalSection(ProjectConfigurationPlatforms) = postSolution
		{60A1C8E7-6A36-44AB-BDFC-F2338C1C029E}.Debug|Any CPU.ActiveCfg = Debug|Any CPU
		{60A1C8E7-6A36-44AB-BDFC-F2338C1C029E}.Debug|Any CPU.Build.0 = Debug|Any CPU
		{60A1C8E7-6A36-44AB-BDFC-F2338C1C029E}.Release|Any CPU.ActiveCfg = Release|Any CPU
		{60A1C8E7-6A36-44AB-BDFC-F2338C1C029E}.Release|Any CPU.Build.0 = Release|Any CPU
	EndGlobalSection
	GlobalSection(SolutionProperties) = preSolution
		HideSolutionNode = FALSE
	EndGlobalSection
	GlobalSection(ExtensibilityGlobals) = postSolution
		SolutionGuid = {096C0EEB-6F67-4207-8AE2-42A4F8E249DD}
	EndGlobalSection
EndGlobal
